
Microsoft Visual Studio Solution File, Format Version 12.00
# Visual Studio Version 17
VisualStudioVersion = 17.11.35431.28
MinimumVisualStudioVersion = 10.0.40219.1
Project("{FAE04EC0-301F-11D3-BF4B-00C04F79EFBC}") = "Quiz", "Quiz.csproj", "{D562AA45-38CA-4F0D-BA3B-5A410D2ABC4E}"
EndProject
Global
	GlobalSection(SolutionConfigurationPlatforms) = preSolution
		Debug|Any CPU = Debug|Any CPU
		Release|Any CPU = Release|Any CPU
	EndGlobalSection
	GlobalSection(ProjectConfigurationPlatforms) = postSolution
		{D562AA45-38CA-4F0D-BA3B-5A410D2ABC4E}.Debug|Any CPU.ActiveCfg = Debug|Any CPU
		{D562AA45-38CA-4F0D-BA3B-5A410D2ABC4E}.Debug|Any CPU.Build.0 = Debug|Any CPU
		{D562AA45-38CA-4F0D-BA3B-5A410D2ABC4E}.Release|Any CPU.ActiveCfg = Release|Any CPU
		{D562AA45-38CA-4F0D-BA3B-5A410D2ABC4E}.Release|Any CPU.Build.0 = Release|Any CPU
	EndGlobalSection
	GlobalSection(SolutionProperties) = preSolution
		HideSolutionNode = FALSE
	EndGlobalSection
	GlobalSection(ExtensibilityGlobals) = postSolution
		SolutionGuid = {F35C2401-74CA-4DA5-A549-74F7D9A65669}
	EndGlobalSection
EndGlobal
